# This file is autogenerated, do not edit; changes may be undone by the next 'dep ensure'.


[[projects]]
  name = "cloud.google.com/go"
  packages = [
    "bigtable",
    "bigtable/internal/gax",
    "bigtable/internal/option",
    "compute/metadata",
    "datastore",
    "iam",
    "internal",
    "internal/atomiccache",
    "internal/fields",
    "internal/optional",
    "internal/trace",
    "internal/version",
    "longrunning",
    "longrunning/autogen"
  ]
  revision = "c728a003b238b26cef9ab6753a5dc424b331c3ad"
  version = "v0.27.0"

[[projects]]
  name = "github.com/Azure/azure-pipeline-go"
  packages = ["pipeline"]
  revision = "55fedc85a614dcd0e942a66f302ae3efb83d563c"
  version = "v0.1.9"

[[projects]]
  name = "github.com/Azure/azure-storage-blob-go"
  packages = ["azblob"]
  revision = "678206e7e6e55abf0265a6440135e92005176ebf"
  version = "v0.6.0"

[[projects]]
  name = "github.com/BurntSushi/toml"
  packages = ["."]
  revision = "3012a1dbe2e4bd1391d42b32f0577cb7bbc7f005"
  version = "v0.3.1"

[[projects]]
  name = "github.com/aliyun/aliyun-tablestore-go-sdk"
  packages = [
    "tablestore",
    "tablestore/otsprotocol",
    "tablestore/search"
  ]
  revision = "3b84262e2e5eb268f9b03774325a61e18090336a"
  version = "v4.1.2"

[[projects]]
  name = "github.com/allegro/bigcache"
  packages = [
    ".",
    "queue"
  ]
  revision = "84a0ff3f153cbd7e280a19029a864bb04b504e62"
  version = "v1.2.0"

[[projects]]
  branch = "master"
  name = "github.com/aristanetworks/goarista"
  packages = ["monotime"]
  revision = "799535f6f364678a88f0498a1f2a6f90d959d05f"

[[projects]]
  name = "github.com/aws/aws-sdk-go"
  packages = [
    "aws",
    "aws/awserr",
    "aws/awsutil",
    "aws/client",
    "aws/client/metadata",
    "aws/corehandlers",
    "aws/credentials",
    "aws/credentials/ec2rolecreds",
    "aws/credentials/endpointcreds",
    "aws/credentials/processcreds",
    "aws/credentials/stscreds",
    "aws/crr",
    "aws/csm",
    "aws/defaults",
    "aws/ec2metadata",
    "aws/endpoints",
    "aws/request",
    "aws/session",
    "aws/signer/v4",
    "internal/ini",
    "internal/sdkio",
    "internal/sdkrand",
    "internal/sdkuri",
    "internal/shareddefaults",
    "private/protocol",
    "private/protocol/json/jsonutil",
    "private/protocol/jsonrpc",
    "private/protocol/query",
    "private/protocol/query/queryutil",
    "private/protocol/rest",
    "private/protocol/xml/xmlutil",
    "service/dynamodb",
    "service/dynamodb/dynamodbattribute",
    "service/sts"
  ]
  revision = "6da73e9d95fc247fc64d0de87cf33655ed615e3f"
  version = "v1.19.22"

[[projects]]
  branch = "master"
  name = "github.com/btcsuite/btcd"
  packages = ["btcec"]
  revision = "96897255fd17525dd12426345d279533780bc4e1"

[[projects]]
  branch = "master"
  name = "github.com/cznic/mathutil"
  packages = ["."]
  revision = "297441e035482346a960053c9ea29669b13e1025"

[[projects]]
  name = "github.com/davecgh/go-spew"
  packages = ["spew"]
  revision = "8991bc29aa16c548c550c7ff78260e27b9ab7c73"
  version = "v1.1.1"

[[projects]]
  name = "github.com/deckarep/golang-set"
  packages = ["."]
  revision = "cbaa98ba5575e67703b32b4b19f73c91f3c4159e"
  version = "v1.7.1"

[[projects]]
  name = "github.com/edsrzf/mmap-go"
  packages = ["."]
  revision = "188cc3b666ba704534fa4f96e9e61f21f1e1ba7c"
  version = "v1.0.0"

[[projects]]
  name = "github.com/ethereum/go-ethereum"
  packages = [
    ".",
    "accounts",
    "accounts/keystore",
    "accounts/usbwallet",
    "accounts/usbwallet/internal/trezor",
    "common",
    "common/bitutil",
    "common/fdlimit",
    "common/hexutil",
    "common/math",
    "common/mclock",
    "common/prque",
    "consensus",
    "consensus/clique",
    "consensus/ethash",
    "consensus/misc",
    "core",
    "core/bloombits",
    "core/rawdb",
    "core/state",
    "core/types",
    "core/vm",
    "crypto",
    "crypto/bn256",
    "crypto/bn256/cloudflare",
    "crypto/bn256/google",
    "crypto/ecies",
    "crypto/secp256k1",
    "eth",
    "eth/downloader",
    "eth/fetcher",
    "eth/filters",
    "eth/gasprice",
    "eth/tracers",
    "eth/tracers/internal/tracers",
    "ethdb",
    "event",
    "internal/debug",
    "internal/ethapi",
    "log",
    "metrics",
    "metrics/exp",
    "miner",
    "node",
    "p2p",
    "p2p/discover",
    "p2p/discv5",
    "p2p/enode",
    "p2p/enr",
    "p2p/nat",
    "p2p/netutil",
    "params",
    "rlp",
    "rpc",
    "swarm/bmt",
    "swarm/chunk",
    "swarm/log",
    "swarm/spancontext",
    "swarm/storage",
    "swarm/storage/encryption",
    "swarm/storage/mock",
    "trie"
  ]
  revision = "4bcc0a37ab70cb79b16893556cffdaad6974e7d8"
  version = "v1.8.27"

[[projects]]
  name = "github.com/fatih/color"
  packages = ["."]
  revision = "5b77d2a35fb0ede96d138fc9a99f5c9b6aef11b4"
  version = "v1.7.0"

[[projects]]
  branch = "master"
  name = "github.com/fjl/memsize"
  packages = [
    ".",
    "memsizeui"
  ]
  revision = "2a09253e352a56f419bd88effab0483f52da4c7d"

[[projects]]
  name = "github.com/go-kit/kit"
  packages = [
    "log",
    "log/level",
    "log/term"
  ]
  revision = "4dc7be5d2d12881735283bcab7352178e190fc71"
  version = "v0.6.0"

[[projects]]
  name = "github.com/go-logfmt/logfmt"
  packages = ["."]
  revision = "390ab7935ee28ec6b286364bba9b4dd6410cb3d5"
  version = "v0.3.0"

[[projects]]
  name = "github.com/go-stack/stack"
  packages = ["."]
  revision = "2fee6af1a9795aafbe0253a0cfbdf668e1fb8a9a"
  version = "v1.8.0"

[[projects]]
  name = "github.com/gogo/protobuf"
  packages = [
    "gogoproto",
    "proto",
    "protoc-gen-gogo/descriptor"
  ]
  revision = "ba06b47c162d49f2af050fb4c75bcbc86a159d5c"
  version = "v1.2.1"

[[projects]]
  name = "github.com/golang/protobuf"
  packages = [
    "proto",
    "protoc-gen-go",
    "protoc-gen-go/descriptor",
    "protoc-gen-go/generator",
    "protoc-gen-go/generator/internal/remap",
    "protoc-gen-go/grpc",
    "protoc-gen-go/plugin",
    "ptypes",
    "ptypes/any",
    "ptypes/duration",
    "ptypes/empty",
    "ptypes/struct",
    "ptypes/timestamp",
    "ptypes/wrappers"
  ]
  revision = "b5d812f8a3706043e23a9cd5babf2e5423744d30"
  version = "v1.3.1"

[[projects]]
  name = "github.com/golang/snappy"
  packages = ["."]
  revision = "2a8bb927dd31d8daada140a5d09578521ce5c36a"
  version = "v0.0.1"

[[projects]]
  name = "github.com/google/uuid"
  packages = ["."]
  revision = "0cd6bf5da1e1c83f8b45653022c74f71af0538a4"
  version = "v1.1.1"

[[projects]]
  name = "github.com/googleapis/gax-go"
  packages = [
    ".",
    "v2"
  ]
  revision = "beaecbbdd8af86aa3acf14180d53828ce69400b2"
  version = "v2.0.4"

[[projects]]
  name = "github.com/h2non/filetype"
  packages = [
    "matchers",
    "matchers/isobmff",
    "types"
  ]
  revision = "2248f2e2f77cd8cf9694216e3f9589d71005de37"
  version = "v1.0.8"

[[projects]]
  name = "github.com/hashicorp/golang-lru"
  packages = [
    ".",
    "simplelru"
  ]
  revision = "7087cb70de9f7a8bc0a10c375cb0d2280a8edf9c"
  version = "v0.5.1"

[[projects]]
  name = "github.com/huin/goupnp"
  packages = [
    ".",
    "dcps/internetgateway1",
    "dcps/internetgateway2",
    "httpu",
    "scpd",
    "soap",
    "ssdp"
  ]
  revision = "656e61dfadd241c7cbdd22a023fa81ecb6860ea8"
  version = "v1.0.0"

[[projects]]
  name = "github.com/jackpal/go-nat-pmp"
  packages = ["."]
  revision = "c9cfead9f2a36ddf3daa40ba269aa7f4bbba6b62"
  version = "v1.0.1"

[[projects]]
  name = "github.com/jmespath/go-jmespath"
  packages = ["."]
  revision = "c2b33e84"

[[projects]]
  name = "github.com/jmhodges/levigo"
  packages = ["."]
  revision = "853d788c5c416eaaee5b044570784a96c7a26975"
  version = "v1.0.0"

[[projects]]
  branch = "master"
  name = "github.com/karalabe/hid"
  packages = ["."]
  revision = "d815e0c1a2e2082a287a2806bc90bc8fc7b276a9"

[[projects]]
  name = "github.com/klauspost/cpuid"
  packages = ["."]
  revision = "05a8198c0f5a27739aec358908d7e12c64ce6eb7"
  version = "v1.2.1"

[[projects]]
  name = "github.com/klauspost/reedsolomon"
  packages = ["."]
  revision = "a9588190c00b0ccd742218388f6ff68bbad83e5c"
  version = "v1.9.1"

[[projects]]
  branch = "master"
  name = "github.com/kr/logfmt"
  packages = ["."]
  revision = "b84e30acd515aadc4b783ad4ff83aff3299bdfe0"

[[projects]]
  name = "github.com/mattn/go-colorable"
  packages = ["."]
  revision = "167de6bfdfba052fa6b2d3664c8f5272e23c9072"
  version = "v0.0.9"

[[projects]]
  name = "github.com/mattn/go-isatty"
  packages = ["."]
  revision = "c2a7a6ca930a4cd0bc33a3f298eb71960732a3a7"
  version = "v0.0.7"

[[projects]]
  name = "github.com/mattn/go-runewidth"
  packages = ["."]
  revision = "3ee7d812e62a0804a7d0a324e0249ca2db3476d3"
  version = "v0.0.4"

[[projects]]
  name = "github.com/naoina/go-stringutil"
  packages = ["."]
  revision = "6b638e95a32d0c1131db0e7fe83775cbea4a0d0b"
  version = "v0.1.0"

[[projects]]
  name = "github.com/naoina/toml"
  packages = [
    ".",
    "ast"
  ]
  revision = "e6f5723bf2a66af014955e0888881314cf294129"
  version = "v0.1.1"

[[projects]]
  name = "github.com/opentracing/opentracing-go"
  packages = [
    ".",
    "ext",
    "log"
  ]
  revision = "659c90643e714681897ec2521c60567dd21da733"
  version = "v1.1.0"

[[projects]]
  name = "github.com/pborman/uuid"
  packages = ["."]
  revision = "adf5a7427709b9deb95d29d3fa8a2bf9cfd388f1"
  version = "v1.2"

[[projects]]
  name = "github.com/peterh/liner"
  packages = ["."]
  revision = "5a0dfa99e2aa1d433a9642e863da51402e609376"
  version = "v1.1.0"

[[projects]]
  name = "github.com/pkg/errors"
  packages = ["."]
  revision = "ba968bfe8b2f7e042a574c888954fccecfa385b4"
  version = "v0.8.1"

[[projects]]
  name = "github.com/pmezard/go-difflib"
  packages = ["difflib"]
  revision = "792786c7400a136282c1664665ae0a8db921c6c2"
  version = "v1.0.0"

[[projects]]
  name = "github.com/prometheus/prometheus"
  packages = ["util/flock"]
  revision = "85f23d82a045d103ea7f3c89a91fba4a93e6367a"
  version = "v2.1.0"

[[projects]]
  branch = "master"
  name = "github.com/r2ishiguro/vrf"
  packages = ["go/vrf_ed25519/edwards25519"]
  revision = "192de52975eb3cadd0a6ac096eefc5d694574a56"

[[projects]]
  branch = "master"
  name = "github.com/rcrowley/go-metrics"
  packages = ["."]
  revision = "3113b8401b8a98917cde58f8bbd42a1b1c03b1fd"

[[projects]]
  branch = "master"
  name = "github.com/remyoudompheng/bigfft"
  packages = ["."]
  revision = "2f0d2b0e0001de06353cbb0b73aa00072ecf879a"

[[projects]]
  name = "github.com/rjeczalik/notify"
  packages = ["."]
  revision = "69d839f37b13a8cb7a78366f7633a4071cb43be7"
  version = "v0.9.2"

[[projects]]
  branch = "master"
  name = "github.com/robertkrimen/otto"
  packages = [
    ".",
    "ast",
    "dbg",
    "file",
    "parser",
    "registry",
    "token"
  ]
  revision = "15f95af6e78dcd2030d8195a138bd88d4f403546"

[[projects]]
  name = "github.com/rs/cors"
  packages = ["."]
  revision = "9a47f48565a795472d43519dd49aac781f3034fb"
  version = "v1.6.0"

[[projects]]
  name = "github.com/stretchr/testify"
  packages = [
    "assert",
    "require"
  ]
  revision = "ffdc059bfe9ce6a4e144ba849dbedead332c6053"
  version = "v1.3.0"

[[projects]]
  branch = "master"
  name = "github.com/syndtr/goleveldb"
  packages = [
    "leveldb",
    "leveldb/cache",
    "leveldb/comparer",
    "leveldb/errors",
    "leveldb/filter",
    "leveldb/iterator",
    "leveldb/journal",
    "leveldb/memdb",
    "leveldb/opt",
    "leveldb/storage",
    "leveldb/table",
    "leveldb/util"
  ]
  revision = "c3a204f8e96543bb0cc090385c001078f184fc46"

[[projects]]
  name = "github.com/tendermint/go-amino"
  packages = ["."]
  revision = "dc14acf9ef15f85828bfbc561ed9dd9d2a284885"
  version = "v0.14.1"

[[projects]]
  name = "github.com/tendermint/go-wire"
  packages = ["."]
  revision = "dc14acf9ef15f85828bfbc561ed9dd9d2a284885"
  version = "v0.14.1"

[[projects]]
  name = "github.com/tendermint/iavl"
  packages = ["."]
  revision = "fd37a0fa3a7454423233bc3d5ea828f38e0af787"
  version = "v0.7.0"

[[projects]]
  name = "github.com/tendermint/tendermint"
  packages = [
    "crypto/merkle",
    "crypto/tmhash",
    "libs/common",
    "libs/db",
    "libs/log",
    "libs/test"
  ]
  revision = "d2eab536ac1071b1b5f64283572397606326eb73"
  version = "v0.31.5"

[[projects]]
  name = "github.com/tendermint/tmlibs"
  packages = [
    "common",
    "db",
    "log"
  ]
  revision = "49596e0a1f48866603813df843c9409fc19805c6"
  version = "v0.9.0"

[[projects]]
  branch = "master"
  name = "github.com/xwb1989/sqlparser"
  packages = [
    ".",
    "dependency/bytes2",
    "dependency/hack",
    "dependency/querypb",
    "dependency/sqltypes"
  ]
  revision = "120387863bf27d04bc07db8015110a6e96d0146c"

[[projects]]
  branch = "master"
  name = "github.com/yahoo/coname"
  packages = ["ed25519/edwards25519"]
  revision = "84592ddf867362896ad1183709ac0804516f776d"

[[projects]]
  name = "go.opencensus.io"
  packages = [
    ".",
    "internal",
    "internal/tagencoding",
    "metric/metricdata",
    "metric/metricproducer",
    "plugin/ocgrpc",
    "plugin/ochttp",
    "plugin/ochttp/propagation/b3",
    "resource",
    "stats",
    "stats/internal",
    "stats/view",
    "tag",
    "trace",
    "trace/internal",
    "trace/propagation",
    "trace/tracestate"
  ]
  revision = "df6e2001952312404b06f5f6f03fcb4aec1648e5"
  version = "v0.21.0"

[[projects]]
  branch = "master"
  name = "golang.org/x/crypto"
  packages = [
    "blake2s",
    "ed25519",
    "ed25519/internal/edwards25519",
    "pbkdf2",
    "ripemd160",
    "scrypt",
    "sha3"
  ]
  revision = "a29dc8fdc73485234dbef99ebedb95d2eced08de"

[[projects]]
  branch = "master"
  name = "golang.org/x/exp"
  packages = [
    "apidiff",
    "cmd/apidiff"
  ]
  revision = "475c5042d3f1a54a7b90cb8b1efb6697946e1107"

[[projects]]
  branch = "master"
  name = "golang.org/x/lint"
  packages = [
    ".",
    "golint"
  ]
  revision = "959b441ac422379a43da2230f62be024250818b0"

[[projects]]
  branch = "master"
  name = "golang.org/x/net"
  packages = [
    "context",
    "context/ctxhttp",
    "html",
    "html/atom",
    "html/charset",
    "http/httpguts",
    "http2",
    "http2/hpack",
    "idna",
    "internal/timeseries",
    "trace",
    "websocket"
  ]
  revision = "9ce7a6920f093fc0b908c4a5f66ae049110f417e"

[[projects]]
  branch = "master"
  name = "golang.org/x/oauth2"
  packages = [
    ".",
    "google",
    "internal",
    "jws",
    "jwt"
  ]
  revision = "9f3314589c9a9136388751d9adae6b0ed400978a"

[[projects]]
  branch = "master"
  name = "golang.org/x/sys"
  packages = [
    "cpu",
    "unix",
    "windows"
  ]
  revision = "d89cdac9e8725f2aefce25fcbfef41134c9ad412"

[[projects]]
  name = "golang.org/x/text"
  packages = [
    "collate",
    "collate/build",
    "encoding",
    "encoding/charmap",
    "encoding/htmlindex",
    "encoding/internal",
    "encoding/internal/identifier",
    "encoding/japanese",
    "encoding/korean",
    "encoding/simplifiedchinese",
    "encoding/traditionalchinese",
    "encoding/unicode",
    "internal/colltab",
    "internal/gen",
    "internal/language",
    "internal/language/compact",
    "internal/tag",
    "internal/triegen",
    "internal/ucd",
    "internal/utf8internal",
    "language",
    "runes",
    "secure/bidirule",
    "transform",
    "unicode/bidi",
    "unicode/cldr",
    "unicode/norm",
    "unicode/rangetable"
  ]
  revision = "342b2e1fbaa52c93f31447ad2c6abc048c63e475"
  version = "v0.3.2"

[[projects]]
  branch = "master"
  name = "golang.org/x/tools"
  packages = [
    "cmd/goimports",
    "go/ast/astutil",
    "go/buildutil",
    "go/gcexportdata",
    "go/internal/cgo",
    "go/internal/gcimporter",
    "go/internal/packagesdriver",
    "go/loader",
    "go/packages",
    "go/types/typeutil",
    "imports",
    "internal/fastwalk",
    "internal/gopathwalk",
    "internal/module",
    "internal/semver"
  ]
  revision = "23463209683dad3f2b9cc7f7c2663e1847c59017"

[[projects]]
  branch = "master"
  name = "google.golang.org/api"
  packages = [
    "cloudresourcemanager/v1",
    "gensupport",
    "googleapi",
    "googleapi/internal/uritemplates",
    "googleapi/transport",
    "internal",
    "iterator",
    "option",
    "transport",
    "transport/grpc",
    "transport/http",
    "transport/http/internal/propagation",
    "youtube/v3"
  ]
  revision = "680697ca63820f8a6e32b304bd388a0b8c1db1a0"

[[projects]]
  name = "google.golang.org/appengine"
  packages = [
    ".",
    "internal",
    "internal/app_identity",
    "internal/base",
    "internal/datastore",
    "internal/log",
    "internal/modules",
    "internal/remote_api",
    "internal/socket",
    "internal/urlfetch",
    "socket",
    "urlfetch"
  ]
  revision = "54a98f90d1c46b7731eb8fb305d2a321c30ef610"
  version = "v1.5.0"

[[projects]]
  branch = "master"
  name = "google.golang.org/genproto"
  packages = [
    "googleapis/api/annotations",
    "googleapis/bigtable/admin/v2",
    "googleapis/bigtable/v2",
    "googleapis/datastore/v1",
    "googleapis/iam/v1",
    "googleapis/longrunning",
    "googleapis/rpc/code",
    "googleapis/rpc/status",
    "googleapis/type/latlng",
    "protobuf/field_mask"
  ]
  revision = "357c62f0e4bbba7e6cc403ae09edcf3e2b9028fe"

[[projects]]
  name = "google.golang.org/grpc"
  packages = [
    ".",
    "balancer",
    "balancer/base",
    "balancer/roundrobin",
    "binarylog/grpc_binarylog_v1",
    "codes",
    "connectivity",
    "credentials",
    "credentials/internal",
    "credentials/oauth",
    "encoding",
    "encoding/proto",
    "grpclog",
    "internal",
    "internal/backoff",
    "internal/balancerload",
    "internal/binarylog",
    "internal/channelz",
    "internal/envconfig",
    "internal/grpcrand",
    "internal/grpcsync",
    "internal/syscall",
    "internal/transport",
    "keepalive",
    "metadata",
    "naming",
    "peer",
    "resolver",
    "resolver/dns",
    "resolver/passthrough",
    "stats",
    "status",
    "tap"
  ]
  revision = "25c4f928eaa6d96443009bd842389fb4fa48664e"
  version = "v1.20.1"

[[projects]]
  name = "gopkg.in/fatih/set.v0"
  packages = ["."]
  revision = "2c768e3c5489976167bfc42b5c7c92ca783f4389"
  version = "v0.2.1"

[[projects]]
  name = "gopkg.in/h2non/filetype.v1"
  packages = ["."]
  revision = "2248f2e2f77cd8cf9694216e3f9589d71005de37"
  version = "v1.0.8"

[[projects]]
  branch = "v2"
  name = "gopkg.in/natefinch/npipe.v2"
  packages = ["."]
  revision = "c1b8fa8bdccecb0b8db834ee0b92fdbcfa606dd6"

[[projects]]
  branch = "v3"
  name = "gopkg.in/olebedev/go-duktape.v3"
  packages = ["."]
  revision = "ec84240a7772c7a122b1c58a13398210659f7c40"

[[projects]]
  name = "gopkg.in/sourcemap.v1"
  packages = [
    ".",
    "base64vlq"
  ]
  revision = "6e83acea0053641eff084973fee085f0c193c61a"
  version = "v1.0.5"

[[projects]]
  name = "gopkg.in/square/go-jose.v2"
  packages = [
    ".",
    "cipher",
    "json"
  ]
  revision = "730df5f748271903322feb182be83b43ebbbe27d"
  version = "v2.3.1"

[[projects]]
  name = "gopkg.in/urfave/cli.v1"
  packages = ["."]
  revision = "cfb38830724cc34fedffe9a2a29fb54fa9169cd1"
  version = "v1.20.0"

[[projects]]
  name = "honnef.co/go/tools"
  packages = [
    "arg",
    "callgraph",
    "callgraph/static",
    "cmd/staticcheck",
    "config",
    "deprecated",
    "functions",
    "internal/sharedcheck",
    "lint",
    "lint/lintdsl",
    "lint/lintutil",
    "lint/lintutil/format",
    "simple",
    "ssa",
    "ssa/ssautil",
    "ssautil",
    "staticcheck",
    "staticcheck/vrp",
    "stylecheck",
    "unused",
    "version"
  ]
  revision = "95959eaf5e3c41c66151dcfd91779616b84077a8"
  version = "2019.1.1"

[solve-meta]
  analyzer-name = "dep"
  analyzer-version = 1
  inputs-digest = "f08ff15c58f12c791fe49a97a5be4e750dc6d2f9d7feb4d7906549ec65c807a4"
  solver-name = "gps-cdcl"
  solver-version = 1
